{
  "name": "file_size_metrics",
  "lockfileVersion": 2,
  "requires": true,
  "packages": {
    "": {
      "dependencies": {
        "datatables.net-dt": "^1.13.8",
        "highcharts": "^11.3.0",
        "jquery": "^3.7.1",
        "vendor-copy": "^3.0.1"
      }
    },
    "node_modules/datatables.net": {
      "version": "1.13.8",
      "resolved": "https://registry.npmjs.org/datatables.net/-/datatables.net-1.13.8.tgz",
      "integrity": "sha512-2pDamr+GUwPTby2OgriVB9dR9ftFKD2AQyiuCXzZIiG4d9KkKFQ7gqPfNmG7uj9Tc5kDf+rGj86do4LAb/V71g==",
      "dependencies": {
        "jquery": ">=1.7"
      }
    },
    "node_modules/datatables.net-dt": {
      "version": "1.13.8",
      "resolved": "https://registry.npmjs.org/datatables.net-dt/-/datatables.net-dt-1.13.8.tgz",
      "integrity": "sha512-/ZPzr1hQ+domerlg/MbcQHqeeqxK9fsZmpRs1YeKxsdfr+UyHQTUiiOO7RqekppSLc7MPqxGnzKkCX9vAgqm0w==",
      "dependencies": {
        "datatables.net": "1.13.8",
        "jquery": ">=1.7"
      }
    },
    "node_modules/highcharts": {
      "version": "11.3.0",
      "resolved": "https://registry.npmjs.org/highcharts/-/highcharts-11.3.0.tgz",
      "integrity": "sha512-Dk+Qfk/xit8KnXKPDxmcVcq48ZlcVSq7oYJR5VZlAVWnJ0BY3JFFi1GOvgSNUzlh2wzsfenihWpkAkWoag4Xqg=="
    },
    "node_modules/jquery": {
      "version": "3.7.1",
      "resolved": "https://registry.npmjs.org/jquery/-/jquery-3.7.1.tgz",
      "integrity": "sha512-m4avr8yL8kmFN8psrbFFFmB/If14iN5o9nw/NgnnM+kybDJpRsAynV2BsfpTYrTRysYUdADVD7CkUUizgkpLfg=="
    },
    "node_modules/ncp": {
      "version": "2.0.0",
      "resolved": "https://registry.npmjs.org/ncp/-/ncp-2.0.0.tgz",
      "integrity": "sha1-GVoh1sRuNh0vsSgbo4uR6d9727M=",
      "bin": {
        "ncp": "bin/ncp"
      }
    },
    "node_modules/vendor-copy": {
      "version": "3.0.1",
      "resolved": "https://registry.npmjs.org/vendor-copy/-/vendor-copy-3.0.1.tgz",
      "integrity": "sha512-XjQ707tDNDVR9HBH2XoDffBB6em2QmWmD52uh8mt+KbFjv94DjDtz/Sh9lXSEWU1POg/fWXnjswe8hW5fqgL+w==",
      "dependencies": {
        "ncp": "^2.0.0"
      },
      "bin": {
        "vendor-copy": "cli.js"
      },
      "engines": {
        "node": ">=12"
      }
    }
  },
  "dependencies": {
    "datatables.net": {
      "version": "1.13.8",
      "resolved": "https://registry.npmjs.org/datatables.net/-/datatables.net-1.13.8.tgz",
      "integrity": "sha512-2pDamr+GUwPTby2OgriVB9dR9ftFKD2AQyiuCXzZIiG4d9KkKFQ7gqPfNmG7uj9Tc5kDf+rGj86do4LAb/V71g==",
      "requires": {
        "jquery": ">=1.7"
      }
    },
    "datatables.net-dt": {
      "version": "1.13.8",
      "resolved": "https://registry.npmjs.org/datatables.net-dt/-/datatables.net-dt-1.13.8.tgz",
      "integrity": "sha512-/ZPzr1hQ+domerlg/MbcQHqeeqxK9fsZmpRs1YeKxsdfr+UyHQTUiiOO7RqekppSLc7MPqxGnzKkCX9vAgqm0w==",
      "requires": {
        "datatables.net": "1.13.8",
        "jquery": ">=1.7"
      }
    },
    "highcharts": {
      "version": "11.3.0",
      "resolved": "https://registry.npmjs.org/highcharts/-/highcharts-11.3.0.tgz",
      "integrity": "sha512-Dk+Qfk/xit8KnXKPDxmcVcq48ZlcVSq7oYJR5VZlAVWnJ0BY3JFFi1GOvgSNUzlh2wzsfenihWpkAkWoag4Xqg=="
    },
    "jquery": {
      "version": "3.7.1",
      "resolved": "https://registry.npmjs.org/jquery/-/jquery-3.7.1.tgz",
      "integrity": "sha512-m4avr8yL8kmFN8psrbFFFmB/If14iN5o9nw/NgnnM+kybDJpRsAynV2BsfpTYrTRysYUdADVD7CkUUizgkpLfg=="
    },
    "ncp": {
      "version": "2.0.0",
      "resolved": "https://registry.npmjs.org/ncp/-/ncp-2.0.0.tgz",
      "integrity": "sha1-GVoh1sRuNh0vsSgbo4uR6d9727M="
    },
    "vendor-copy": {
      "version": "3.0.1",
      "resolved": "https://registry.npmjs.org/vendor-copy/-/vendor-copy-3.0.1.tgz",
      "integrity": "sha512-XjQ707tDNDVR9HBH2XoDffBB6em2QmWmD52uh8mt+KbFjv94DjDtz/Sh9lXSEWU1POg/fWXnjswe8hW5fqgL+w==",
      "requires": {
        "ncp": "^2.0.0"
      }
    }
  }
}
