{
  "name": "file_size_metrics",
  "lockfileVersion": 2,
  "requires": true,
  "packages": {
    "": {
      "dependencies": {
        "datatables": "^1.10.18",
        "highcharts": "^9.2.2",
        "jquery": "^3.6.0",
        "vendor-copy": "^3.0.1"
      }
    },
    "node_modules/datatables": {
      "version": "1.10.18",
      "resolved": "https://registry.npmjs.org/datatables/-/datatables-1.10.18.tgz",
      "integrity": "sha512-ntatMgS9NN6UMpwbmO+QkYJuKlVeMA2Mi0Gu/QxyIh+dW7ZjLSDhPT2tWlzjpIWEkDYgieDzS9Nu7bdQCW0sbQ==",
      "dependencies": {
        "jquery": ">=1.7"
      }
    },
    "node_modules/highcharts": {
      "version": "9.2.2",
      "resolved": "https://registry.npmjs.org/highcharts/-/highcharts-9.2.2.tgz",
      "integrity": "sha512-OMEdFCaG626ES1JEcKAvJTpxAOMuchy0XuAplmnOs0Yu7NMd2RMfTLFQ2fCJOxo3ubSdm/RVQwKAWC+5HYThnw=="
    },
    "node_modules/jquery": {
      "version": "3.6.0",
      "integrity": "sha512-JVzAR/AjBvVt2BmYhxRCSYysDsPcssdmTFnzyLEts9qNwmjmu4JTAMYubEfwVOSwpQ1I1sKKFcxhZCI2buerfw=="
    },
    "node_modules/ncp": {
      "version": "2.0.0",
      "resolved": "https://registry.npmjs.org/ncp/-/ncp-2.0.0.tgz",
      "integrity": "sha1-GVoh1sRuNh0vsSgbo4uR6d9727M=",
      "bin": {
        "ncp": "bin/ncp"
      }
    },
    "node_modules/vendor-copy": {
      "version": "3.0.1",
      "resolved": "https://registry.npmjs.org/vendor-copy/-/vendor-copy-3.0.1.tgz",
      "integrity": "sha512-XjQ707tDNDVR9HBH2XoDffBB6em2QmWmD52uh8mt+KbFjv94DjDtz/Sh9lXSEWU1POg/fWXnjswe8hW5fqgL+w==",
      "dependencies": {
        "ncp": "^2.0.0"
      },
      "bin": {
        "vendor-copy": "cli.js"
      },
      "engines": {
        "node": ">=12"
      }
    }
  },
  "dependencies": {
    "datatables": {
      "version": "1.10.18",
      "resolved": "https://registry.npmjs.org/datatables/-/datatables-1.10.18.tgz",
      "integrity": "sha512-ntatMgS9NN6UMpwbmO+QkYJuKlVeMA2Mi0Gu/QxyIh+dW7ZjLSDhPT2tWlzjpIWEkDYgieDzS9Nu7bdQCW0sbQ==",
      "requires": {
        "jquery": ">=1.7"
      }
    },
    "highcharts": {
      "version": "9.2.2",
      "resolved": "https://registry.npmjs.org/highcharts/-/highcharts-9.2.2.tgz",
      "integrity": "sha512-OMEdFCaG626ES1JEcKAvJTpxAOMuchy0XuAplmnOs0Yu7NMd2RMfTLFQ2fCJOxo3ubSdm/RVQwKAWC+5HYThnw=="
    },
    "jquery": {
      "version": "3.6.0",
      "integrity": "sha512-JVzAR/AjBvVt2BmYhxRCSYysDsPcssdmTFnzyLEts9qNwmjmu4JTAMYubEfwVOSwpQ1I1sKKFcxhZCI2buerfw=="
    },
    "ncp": {
      "version": "2.0.0",
      "resolved": "https://registry.npmjs.org/ncp/-/ncp-2.0.0.tgz",
      "integrity": "sha1-GVoh1sRuNh0vsSgbo4uR6d9727M="
    },
    "vendor-copy": {
      "version": "3.0.1",
      "resolved": "https://registry.npmjs.org/vendor-copy/-/vendor-copy-3.0.1.tgz",
      "integrity": "sha512-XjQ707tDNDVR9HBH2XoDffBB6em2QmWmD52uh8mt+KbFjv94DjDtz/Sh9lXSEWU1POg/fWXnjswe8hW5fqgL+w==",
      "requires": {
        "ncp": "^2.0.0"
      }
    }
  }
}
